
Microsoft Visual Studio Solution File, Format Version 12.00
# Visual Studio Version 17
VisualStudioVersion = 17.9.34728.123
MinimumVisualStudioVersion = 10.0.40219.1
Project("{9A19103F-16F7-4668-BE54-9A1E7A4F7556}") = "BauCuaTomCa", "BauCuaTomCa\BauCuaTomCa.csproj", "{EB9A7943-1C3F-434E-AE61-F527A3FBF9E1}"
EndProject
Global
	GlobalSection(SolutionConfigurationPlatforms) = preSolution
		Debug|Any CPU = Debug|Any CPU
		Release|Any CPU = Release|Any CPU
	EndGlobalSection
	GlobalSection(ProjectConfigurationPlatforms) = postSolution
		{EB9A7943-1C3F-434E-AE61-F527A3FBF9E1}.Debug|Any CPU.ActiveCfg = Debug|Any CPU
		{EB9A7943-1C3F-434E-AE61-F527A3FBF9E1}.Debug|Any CPU.Build.0 = Debug|Any CPU
		{EB9A7943-1C3F-434E-AE61-F527A3FBF9E1}.Release|Any CPU.ActiveCfg = Release|Any CPU
		{EB9A7943-1C3F-434E-AE61-F527A3FBF9E1}.Release|Any CPU.Build.0 = Release|Any CPU
	EndGlobalSection
	GlobalSection(SolutionProperties) = preSolution
		HideSolutionNode = FALSE
	EndGlobalSection
	GlobalSection(ExtensibilityGlobals) = postSolution
		SolutionGuid = {64AF9542-CB61-4D5B-A288-766B843BE23B}
	EndGlobalSection
EndGlobal
